
Microsoft Visual Studio Solution File, Format Version 12.00
# Visual Studio Version 16
VisualStudioVersion = 16.0.29709.97
MinimumVisualStudioVersion = 10.0.40219.1
Project("{FAE04EC0-301F-11D3-BF4B-00C04F79EFBC}") = "ShellSquare.Client.ETP", "ShellSquare.Client.ETP\ShellSquare.Client.ETP.csproj", "{FC23F798-AA49-4FE5-AAE7-CC3A9A078AEC}"
EndProject
Project("{930C7802-8A8C-48F9-8165-68863BCCD9DD}") = "ETPClientSetup", "ETPClientSetup\ETPClientSetup.wixproj", "{23BE54FC-C478-415B-93B0-0801D0AA9608}"
EndProject
Global
	GlobalSection(SolutionConfigurationPlatforms) = preSolution
		Debug|Any CPU = Debug|Any CPU
		Debug|x86 = Debug|x86
		Release|Any CPU = Release|Any CPU
		Release|x86 = Release|x86
	EndGlobalSection
	GlobalSection(ProjectConfigurationPlatforms) = postSolution
		{FC23F798-AA49-4FE5-AAE7-CC3A9A078AEC}.Debug|Any CPU.ActiveCfg = Debug|Any CPU
		{FC23F798-AA49-4FE5-AAE7-CC3A9A078AEC}.Debug|Any CPU.Build.0 = Debug|Any CPU
		{FC23F798-AA49-4FE5-AAE7-CC3A9A078AEC}.Debug|x86.ActiveCfg = Debug|Any CPU
		{FC23F798-AA49-4FE5-AAE7-CC3A9A078AEC}.Debug|x86.Build.0 = Debug|Any CPU
		{FC23F798-AA49-4FE5-AAE7-CC3A9A078AEC}.Release|Any CPU.ActiveCfg = Release|Any CPU
		{FC23F798-AA49-4FE5-AAE7-CC3A9A078AEC}.Release|Any CPU.Build.0 = Release|Any CPU
		{FC23F798-AA49-4FE5-AAE7-CC3A9A078AEC}.Release|x86.ActiveCfg = Release|Any CPU
		{FC23F798-AA49-4FE5-AAE7-CC3A9A078AEC}.Release|x86.Build.0 = Release|Any CPU
		{23BE54FC-C478-415B-93B0-0801D0AA9608}.Debug|Any CPU.ActiveCfg = Debug|x86
		{23BE54FC-C478-415B-93B0-0801D0AA9608}.Debug|x86.ActiveCfg = Debug|x86
		{23BE54FC-C478-415B-93B0-0801D0AA9608}.Debug|x86.Build.0 = Debug|x86
		{23BE54FC-C478-415B-93B0-0801D0AA9608}.Release|Any CPU.ActiveCfg = Release|x86
		{23BE54FC-C478-415B-93B0-0801D0AA9608}.Release|x86.ActiveCfg = Release|x86
		{23BE54FC-C478-415B-93B0-0801D0AA9608}.Release|x86.Build.0 = Release|x86
	EndGlobalSection
	GlobalSection(SolutionProperties) = preSolution
		HideSolutionNode = FALSE
	EndGlobalSection
	GlobalSection(ExtensibilityGlobals) = postSolution
		SolutionGuid = {B15E56F2-D8ED-443D-BF08-9B47708611F6}
	EndGlobalSection
EndGlobal
